
Microsoft Visual Studio Solution File, Format Version 12.00
# Visual Studio 15
VisualStudioVersion = 15.0.28307.757
MinimumVisualStudioVersion = 10.0.40219.1
Project("{FAE04EC0-301F-11D3-BF4B-00C04F79EFBC}") = "jobFinding-Akdeniz", "jobFinding-Akdeniz\jobFinding-Akdeniz.csproj", "{8D31022F-31C4-4673-B441-9EDAD117CBFE}"
EndProject
Global
	GlobalSection(SolutionConfigurationPlatforms) = preSolution
		Debug|Any CPU = Debug|Any CPU
		Release|Any CPU = Release|Any CPU
	EndGlobalSection
	GlobalSection(ProjectConfigurationPlatforms) = postSolution
		{8D31022F-31C4-4673-B441-9EDAD117CBFE}.Debug|Any CPU.ActiveCfg = Debug|Any CPU
		{8D31022F-31C4-4673-B441-9EDAD117CBFE}.Debug|Any CPU.Build.0 = Debug|Any CPU
		{8D31022F-31C4-4673-B441-9EDAD117CBFE}.Release|Any CPU.ActiveCfg = Release|Any CPU
		{8D31022F-31C4-4673-B441-9EDAD117CBFE}.Release|Any CPU.Build.0 = Release|Any CPU
	EndGlobalSection
	GlobalSection(SolutionProperties) = preSolution
		HideSolutionNode = FALSE
	EndGlobalSection
	GlobalSection(ExtensibilityGlobals) = postSolution
		SolutionGuid = {18A34151-FB89-4144-BB0F-D8B7D98EADA7}
	EndGlobalSection
EndGlobal
